
Microsoft Visual Studio Solution File, Format Version 12.00
Project("{FAE04EC0-301F-11D3-BF4B-00C04F79EFBC}") = "Olympics.WebApi", "Olympics.WebApi\Olympics.WebApi.csproj", "{8491822B-1C83-4994-896F-D18854D8C038}"
EndProject
Project("{2150E333-8FDC-42A3-9474-1A3956D46DE8}") = "Application", "Application", "{10C89DD9-796A-4B34-8962-3CDFA0492DDF}"
EndProject
Project("{2150E333-8FDC-42A3-9474-1A3956D46DE8}") = "Business", "Business", "{DE94C7DA-9048-457E-A90A-951FBCB20E49}"
EndProject
Project("{2150E333-8FDC-42A3-9474-1A3956D46DE8}") = "DataAccess", "DataAccess", "{F23D901D-C001-459D-AA44-A6F5E599C602}"
EndProject
Project("{2150E333-8FDC-42A3-9474-1A3956D46DE8}") = "Repository", "Repository", "{2F10ADEB-80DF-43B5-9631-4FBB67A81DAA}"
EndProject
Project("{2150E333-8FDC-42A3-9474-1A3956D46DE8}") = "Tests", "Tests", "{4BD04956-E1CB-449E-8C1F-2711C92295E0}"
EndProject
Project("{FAE04EC0-301F-11D3-BF4B-00C04F79EFBC}") = "Olympics.DataAccess", "Olympics.DataAccess\Olympics.DataAccess.csproj", "{1F151E3D-6B40-48E5-B99D-8A5C37808C45}"
EndProject
Project("{FAE04EC0-301F-11D3-BF4B-00C04F79EFBC}") = "Olympics.UnitTests", "Olympics.UnitTests\Olympics.UnitTests.csproj", "{273F3EFF-562A-4133-8B91-D64FB63018CC}"
EndProject
Project("{FAE04EC0-301F-11D3-BF4B-00C04F79EFBC}") = "Olympics.IntegrationTests", "Olympics.IntegrationTests\Olympics.IntegrationTests.csproj", "{AE117DEE-6DFD-449F-9319-432678BA5864}"
EndProject
Global
	GlobalSection(SolutionConfigurationPlatforms) = preSolution
		Debug|Any CPU = Debug|Any CPU
		Release|Any CPU = Release|Any CPU
	EndGlobalSection
	GlobalSection(ProjectConfigurationPlatforms) = postSolution
		{8491822B-1C83-4994-896F-D18854D8C038}.Debug|Any CPU.ActiveCfg = Debug|Any CPU
		{8491822B-1C83-4994-896F-D18854D8C038}.Debug|Any CPU.Build.0 = Debug|Any CPU
		{8491822B-1C83-4994-896F-D18854D8C038}.Release|Any CPU.ActiveCfg = Release|Any CPU
		{8491822B-1C83-4994-896F-D18854D8C038}.Release|Any CPU.Build.0 = Release|Any CPU
		{1F151E3D-6B40-48E5-B99D-8A5C37808C45}.Debug|Any CPU.ActiveCfg = Debug|Any CPU
		{1F151E3D-6B40-48E5-B99D-8A5C37808C45}.Debug|Any CPU.Build.0 = Debug|Any CPU
		{1F151E3D-6B40-48E5-B99D-8A5C37808C45}.Release|Any CPU.ActiveCfg = Release|Any CPU
		{1F151E3D-6B40-48E5-B99D-8A5C37808C45}.Release|Any CPU.Build.0 = Release|Any CPU
		{273F3EFF-562A-4133-8B91-D64FB63018CC}.Debug|Any CPU.ActiveCfg = Debug|Any CPU
		{273F3EFF-562A-4133-8B91-D64FB63018CC}.Debug|Any CPU.Build.0 = Debug|Any CPU
		{273F3EFF-562A-4133-8B91-D64FB63018CC}.Release|Any CPU.ActiveCfg = Release|Any CPU
		{273F3EFF-562A-4133-8B91-D64FB63018CC}.Release|Any CPU.Build.0 = Release|Any CPU
		{AE117DEE-6DFD-449F-9319-432678BA5864}.Debug|Any CPU.ActiveCfg = Debug|Any CPU
		{AE117DEE-6DFD-449F-9319-432678BA5864}.Debug|Any CPU.Build.0 = Debug|Any CPU
		{AE117DEE-6DFD-449F-9319-432678BA5864}.Release|Any CPU.ActiveCfg = Release|Any CPU
		{AE117DEE-6DFD-449F-9319-432678BA5864}.Release|Any CPU.Build.0 = Release|Any CPU
	EndGlobalSection
	GlobalSection(NestedProjects) = preSolution
		{8491822B-1C83-4994-896F-D18854D8C038} = {10C89DD9-796A-4B34-8962-3CDFA0492DDF}
		{1F151E3D-6B40-48E5-B99D-8A5C37808C45} = {F23D901D-C001-459D-AA44-A6F5E599C602}
		{273F3EFF-562A-4133-8B91-D64FB63018CC} = {4BD04956-E1CB-449E-8C1F-2711C92295E0}
		{AE117DEE-6DFD-449F-9319-432678BA5864} = {4BD04956-E1CB-449E-8C1F-2711C92295E0}
	EndGlobalSection
EndGlobal
